
Microsoft Visual Studio Solution File, Format Version 12.00
Project("{FAE04EC0-301F-11D3-BF4B-00C04F79EFBC}") = "NATPunchServer", "NATPunchServer\NATPunchServer.csproj", "{4F6376C1-7C7D-45B8-9152-213DD91E96EF}"
EndProject
Project("{FAE04EC0-301F-11D3-BF4B-00C04F79EFBC}") = "NATPunchClient", "NATPunchClient\NATPunchClient.csproj", "{FC285ADF-8FFD-4B6D-AC37-295C640C1F70}"
EndProject
Project("{FAE04EC0-301F-11D3-BF4B-00C04F79EFBC}") = "TestNATPunch", "TestNATPunch\TestNATPunch.csproj", "{114D1E28-320F-473B-AFDE-0FD42E6A0708}"
EndProject
Project("{FAE04EC0-301F-11D3-BF4B-00C04F79EFBC}") = "LiteNetLib", "LiteNetLib\LiteNetLib\LiteNetLib.csproj", "{39B2518D-A181-4168-B752-9A10CF8EEA10}"
EndProject
Global
	GlobalSection(SolutionConfigurationPlatforms) = preSolution
		Debug|Any CPU = Debug|Any CPU
		Release|Any CPU = Release|Any CPU
	EndGlobalSection
	GlobalSection(ProjectConfigurationPlatforms) = postSolution
		{4F6376C1-7C7D-45B8-9152-213DD91E96EF}.Debug|Any CPU.ActiveCfg = Debug|Any CPU
		{4F6376C1-7C7D-45B8-9152-213DD91E96EF}.Debug|Any CPU.Build.0 = Debug|Any CPU
		{4F6376C1-7C7D-45B8-9152-213DD91E96EF}.Release|Any CPU.ActiveCfg = Release|Any CPU
		{4F6376C1-7C7D-45B8-9152-213DD91E96EF}.Release|Any CPU.Build.0 = Release|Any CPU
		{FC285ADF-8FFD-4B6D-AC37-295C640C1F70}.Debug|Any CPU.ActiveCfg = Debug|Any CPU
		{FC285ADF-8FFD-4B6D-AC37-295C640C1F70}.Debug|Any CPU.Build.0 = Debug|Any CPU
		{FC285ADF-8FFD-4B6D-AC37-295C640C1F70}.Release|Any CPU.ActiveCfg = Release|Any CPU
		{FC285ADF-8FFD-4B6D-AC37-295C640C1F70}.Release|Any CPU.Build.0 = Release|Any CPU
		{114D1E28-320F-473B-AFDE-0FD42E6A0708}.Debug|Any CPU.ActiveCfg = Debug|Any CPU
		{114D1E28-320F-473B-AFDE-0FD42E6A0708}.Debug|Any CPU.Build.0 = Debug|Any CPU
		{114D1E28-320F-473B-AFDE-0FD42E6A0708}.Release|Any CPU.ActiveCfg = Release|Any CPU
		{114D1E28-320F-473B-AFDE-0FD42E6A0708}.Release|Any CPU.Build.0 = Release|Any CPU
		{39B2518D-A181-4168-B752-9A10CF8EEA10}.Debug|Any CPU.ActiveCfg = Debug|Any CPU
		{39B2518D-A181-4168-B752-9A10CF8EEA10}.Debug|Any CPU.Build.0 = Debug|Any CPU
		{39B2518D-A181-4168-B752-9A10CF8EEA10}.Release|Any CPU.ActiveCfg = Release|Any CPU
		{39B2518D-A181-4168-B752-9A10CF8EEA10}.Release|Any CPU.Build.0 = Release|Any CPU
	EndGlobalSection
EndGlobal
